
Microsoft Visual Studio Solution File, Format Version 12.00
# Visual Studio 15
Project("{FAE04EC0-301F-11D3-BF4B-00C04F79EFBC}") = "Assembly-CSharp", "Assembly-CSharp.csproj", "{AFA26FF5-0A54-1547-F27F-C60F880F97B1}"
EndProject
Project("{FAE04EC0-301F-11D3-BF4B-00C04F79EFBC}") = "Assembly-CSharp-Editor", "Assembly-CSharp-Editor.csproj", "{0A18AD25-DB5B-72F1-9121-FBE40D0F71A9}"
EndProject
Global
	GlobalSection(SolutionConfigurationPlatforms) = preSolution
		Debug|Any CPU = Debug|Any CPU
		Release|Any CPU = Release|Any CPU
	EndGlobalSection
	GlobalSection(ProjectConfigurationPlatforms) = postSolution
		{AFA26FF5-0A54-1547-F27F-C60F880F97B1}.Debug|Any CPU.ActiveCfg = Debug|Any CPU
		{AFA26FF5-0A54-1547-F27F-C60F880F97B1}.Debug|Any CPU.Build.0 = Debug|Any CPU
		{AFA26FF5-0A54-1547-F27F-C60F880F97B1}.Release|Any CPU.ActiveCfg = Release|Any CPU
		{AFA26FF5-0A54-1547-F27F-C60F880F97B1}.Release|Any CPU.Build.0 = Release|Any CPU
		{0A18AD25-DB5B-72F1-9121-FBE40D0F71A9}.Debug|Any CPU.ActiveCfg = Debug|Any CPU
		{0A18AD25-DB5B-72F1-9121-FBE40D0F71A9}.Debug|Any CPU.Build.0 = Debug|Any CPU
		{0A18AD25-DB5B-72F1-9121-FBE40D0F71A9}.Release|Any CPU.ActiveCfg = Release|Any CPU
		{0A18AD25-DB5B-72F1-9121-FBE40D0F71A9}.Release|Any CPU.Build.0 = Release|Any CPU
	EndGlobalSection
	GlobalSection(SolutionProperties) = preSolution
		HideSolutionNode = FALSE
	EndGlobalSection
EndGlobal
